
Microsoft Visual Studio Solution File, Format Version 12.00
# Visual Studio Version 17
VisualStudioVersion = 17.2.32630.192
MinimumVisualStudioVersion = 10.0.40219.1
Project("{FAE04EC0-301F-11D3-BF4B-00C04F79EFBC}") = "WpfApp12", "WpfApp12\WpfApp12.csproj", "{B6A0EFC8-4A97-4460-9706-763305F3FDDF}"
EndProject
Global
	GlobalSection(SolutionConfigurationPlatforms) = preSolution
		Debug|Any CPU = Debug|Any CPU
		Release|Any CPU = Release|Any CPU
	EndGlobalSection
	GlobalSection(ProjectConfigurationPlatforms) = postSolution
		{B6A0EFC8-4A97-4460-9706-763305F3FDDF}.Debug|Any CPU.ActiveCfg = Debug|Any CPU
		{B6A0EFC8-4A97-4460-9706-763305F3FDDF}.Debug|Any CPU.Build.0 = Debug|Any CPU
		{B6A0EFC8-4A97-4460-9706-763305F3FDDF}.Release|Any CPU.ActiveCfg = Release|Any CPU
		{B6A0EFC8-4A97-4460-9706-763305F3FDDF}.Release|Any CPU.Build.0 = Release|Any CPU
	EndGlobalSection
	GlobalSection(SolutionProperties) = preSolution
		HideSolutionNode = FALSE
	EndGlobalSection
	GlobalSection(ExtensibilityGlobals) = postSolution
		SolutionGuid = {EA1D3891-19EA-4801-961B-4BB1BEFB19E4}
	EndGlobalSection
EndGlobal
